
Microsoft Visual Studio Solution File, Format Version 12.00
Project("{FAE04EC0-301F-11D3-BF4B-00C04F79EFBC}") = "Shitcord", "Shitcord\Shitcord.csproj", "{004CA30A-644B-48D8-A6C4-F9F299E6AE54}"
EndProject
Project("{2150E333-8FDC-42A3-9474-1A3956D46DE8}") = "DSharpPlus", "DSharpPlus", "{4CCCB1B1-CB7C-4C27-9BDF-3C59270B9E82}"
EndProject
Project("{FAE04EC0-301F-11D3-BF4B-00C04F79EFBC}") = "DSharpPlus", "DSharpPlus\DSharpPlus\DSharpPlus.csproj", "{BC663035-F4A2-4899-960B-968C0801C6FF}"
EndProject
Project("{FAE04EC0-301F-11D3-BF4B-00C04F79EFBC}") = "DSharpPlus.CommandsNext", "DSharpPlus\DSharpPlus.CommandsNext\DSharpPlus.CommandsNext.csproj", "{C5937F2C-DB80-4EB3-8E84-C19A3A4E4B11}"
EndProject
Project("{FAE04EC0-301F-11D3-BF4B-00C04F79EFBC}") = "DSharpPlus.Lavalink", "DSharpPlus\DSharpPlus.Lavalink\DSharpPlus.Lavalink.csproj", "{71E62BBC-7BCA-465C-9758-E7D60D71C1AE}"
EndProject
Project("{FAE04EC0-301F-11D3-BF4B-00C04F79EFBC}") = "DSharpPlus.Interactivity", "DSharpPlus\DSharpPlus.Interactivity\DSharpPlus.Interactivity.csproj", "{AD672134-2E8E-49EC-8D28-C485D71341D0}"
EndProject
Project("{FAE04EC0-301F-11D3-BF4B-00C04F79EFBC}") = "DSharpPlus.Rest", "DSharpPlus\DSharpPlus.Rest\DSharpPlus.Rest.csproj", "{10C0764B-8A41-4C30-9410-D6CA2CA6075A}"
EndProject
Project("{FAE04EC0-301F-11D3-BF4B-00C04F79EFBC}") = "DSharpPlus.SlashCommands", "DSharpPlus\DSharpPlus.SlashCommands\DSharpPlus.SlashCommands.csproj", "{D6E97649-B40D-4EFF-BF78-21BB111C36DB}"
EndProject
Project("{FAE04EC0-301F-11D3-BF4B-00C04F79EFBC}") = "DSharpPlus.VoiceNext", "DSharpPlus\DSharpPlus.VoiceNext\DSharpPlus.VoiceNext.csproj", "{9A452094-261E-4E93-9349-DD663219212B}"
EndProject
Global
	GlobalSection(SolutionConfigurationPlatforms) = preSolution
		Debug|Any CPU = Debug|Any CPU
		Release|Any CPU = Release|Any CPU
	EndGlobalSection
	GlobalSection(ProjectConfigurationPlatforms) = postSolution
		{004CA30A-644B-48D8-A6C4-F9F299E6AE54}.Debug|Any CPU.ActiveCfg = Debug|Any CPU
		{004CA30A-644B-48D8-A6C4-F9F299E6AE54}.Debug|Any CPU.Build.0 = Debug|Any CPU
		{004CA30A-644B-48D8-A6C4-F9F299E6AE54}.Release|Any CPU.ActiveCfg = Release|Any CPU
		{004CA30A-644B-48D8-A6C4-F9F299E6AE54}.Release|Any CPU.Build.0 = Release|Any CPU
		{BC663035-F4A2-4899-960B-968C0801C6FF}.Debug|Any CPU.ActiveCfg = Debug|Any CPU
		{BC663035-F4A2-4899-960B-968C0801C6FF}.Debug|Any CPU.Build.0 = Debug|Any CPU
		{BC663035-F4A2-4899-960B-968C0801C6FF}.Release|Any CPU.ActiveCfg = Release|Any CPU
		{BC663035-F4A2-4899-960B-968C0801C6FF}.Release|Any CPU.Build.0 = Release|Any CPU
		{C5937F2C-DB80-4EB3-8E84-C19A3A4E4B11}.Debug|Any CPU.ActiveCfg = Debug|Any CPU
		{C5937F2C-DB80-4EB3-8E84-C19A3A4E4B11}.Debug|Any CPU.Build.0 = Debug|Any CPU
		{C5937F2C-DB80-4EB3-8E84-C19A3A4E4B11}.Release|Any CPU.ActiveCfg = Release|Any CPU
		{C5937F2C-DB80-4EB3-8E84-C19A3A4E4B11}.Release|Any CPU.Build.0 = Release|Any CPU
		{71E62BBC-7BCA-465C-9758-E7D60D71C1AE}.Debug|Any CPU.ActiveCfg = Debug|Any CPU
		{71E62BBC-7BCA-465C-9758-E7D60D71C1AE}.Debug|Any CPU.Build.0 = Debug|Any CPU
		{71E62BBC-7BCA-465C-9758-E7D60D71C1AE}.Release|Any CPU.ActiveCfg = Release|Any CPU
		{71E62BBC-7BCA-465C-9758-E7D60D71C1AE}.Release|Any CPU.Build.0 = Release|Any CPU
		{AD672134-2E8E-49EC-8D28-C485D71341D0}.Debug|Any CPU.ActiveCfg = Debug|Any CPU
		{AD672134-2E8E-49EC-8D28-C485D71341D0}.Debug|Any CPU.Build.0 = Debug|Any CPU
		{AD672134-2E8E-49EC-8D28-C485D71341D0}.Release|Any CPU.ActiveCfg = Release|Any CPU
		{AD672134-2E8E-49EC-8D28-C485D71341D0}.Release|Any CPU.Build.0 = Release|Any CPU
		{10C0764B-8A41-4C30-9410-D6CA2CA6075A}.Debug|Any CPU.ActiveCfg = Debug|Any CPU
		{10C0764B-8A41-4C30-9410-D6CA2CA6075A}.Debug|Any CPU.Build.0 = Debug|Any CPU
		{10C0764B-8A41-4C30-9410-D6CA2CA6075A}.Release|Any CPU.ActiveCfg = Release|Any CPU
		{10C0764B-8A41-4C30-9410-D6CA2CA6075A}.Release|Any CPU.Build.0 = Release|Any CPU
		{D6E97649-B40D-4EFF-BF78-21BB111C36DB}.Debug|Any CPU.ActiveCfg = Debug|Any CPU
		{D6E97649-B40D-4EFF-BF78-21BB111C36DB}.Debug|Any CPU.Build.0 = Debug|Any CPU
		{D6E97649-B40D-4EFF-BF78-21BB111C36DB}.Release|Any CPU.ActiveCfg = Release|Any CPU
		{D6E97649-B40D-4EFF-BF78-21BB111C36DB}.Release|Any CPU.Build.0 = Release|Any CPU
		{9A452094-261E-4E93-9349-DD663219212B}.Debug|Any CPU.ActiveCfg = Debug|Any CPU
		{9A452094-261E-4E93-9349-DD663219212B}.Debug|Any CPU.Build.0 = Debug|Any CPU
		{9A452094-261E-4E93-9349-DD663219212B}.Release|Any CPU.ActiveCfg = Release|Any CPU
		{9A452094-261E-4E93-9349-DD663219212B}.Release|Any CPU.Build.0 = Release|Any CPU
	EndGlobalSection
	GlobalSection(NestedProjects) = preSolution
		{BC663035-F4A2-4899-960B-968C0801C6FF} = {4CCCB1B1-CB7C-4C27-9BDF-3C59270B9E82}
		{C5937F2C-DB80-4EB3-8E84-C19A3A4E4B11} = {4CCCB1B1-CB7C-4C27-9BDF-3C59270B9E82}
		{71E62BBC-7BCA-465C-9758-E7D60D71C1AE} = {4CCCB1B1-CB7C-4C27-9BDF-3C59270B9E82}
		{AD672134-2E8E-49EC-8D28-C485D71341D0} = {4CCCB1B1-CB7C-4C27-9BDF-3C59270B9E82}
		{10C0764B-8A41-4C30-9410-D6CA2CA6075A} = {4CCCB1B1-CB7C-4C27-9BDF-3C59270B9E82}
		{D6E97649-B40D-4EFF-BF78-21BB111C36DB} = {4CCCB1B1-CB7C-4C27-9BDF-3C59270B9E82}
		{9A452094-261E-4E93-9349-DD663219212B} = {4CCCB1B1-CB7C-4C27-9BDF-3C59270B9E82}
	EndGlobalSection
EndGlobal
